
Microsoft Visual Studio Solution File, Format Version 12.00
# Visual Studio Version 16
VisualStudioVersion = 16.0.30225.117
MinimumVisualStudioVersion = 10.0.40219.1
Project("{FAE04EC0-301F-11D3-BF4B-00C04F79EFBC}") = "ConsoleApp1", "ConsoleApp1\ConsoleApp1.csproj", "{B32FFF31-8770-4C55-A582-AD3C13B491A0}"
EndProject
Project("{FAE04EC0-301F-11D3-BF4B-00C04F79EFBC}") = "ConsoleApp2", "ConsoleApp2\ConsoleApp2.csproj", "{1B624DAF-855F-4974-8489-0AC50695EA62}"
EndProject
Project("{FAE04EC0-301F-11D3-BF4B-00C04F79EFBC}") = "ConsoleApp3", "ConsoleApp3\ConsoleApp3.csproj", "{798B2F0C-41FB-4156-A5B2-426CB0A7FC3B}"
EndProject
Project("{FAE04EC0-301F-11D3-BF4B-00C04F79EFBC}") = "ConsoleApp4", "ConsoleApp4\ConsoleApp4.csproj", "{275FE980-D5FC-476A-BFDC-4955BEA87F01}"
EndProject
Global
	GlobalSection(SolutionConfigurationPlatforms) = preSolution
		Debug|Any CPU = Debug|Any CPU
		Release|Any CPU = Release|Any CPU
	EndGlobalSection
	GlobalSection(ProjectConfigurationPlatforms) = postSolution
		{B32FFF31-8770-4C55-A582-AD3C13B491A0}.Debug|Any CPU.ActiveCfg = Debug|Any CPU
		{B32FFF31-8770-4C55-A582-AD3C13B491A0}.Debug|Any CPU.Build.0 = Debug|Any CPU
		{B32FFF31-8770-4C55-A582-AD3C13B491A0}.Release|Any CPU.ActiveCfg = Release|Any CPU
		{B32FFF31-8770-4C55-A582-AD3C13B491A0}.Release|Any CPU.Build.0 = Release|Any CPU
		{1B624DAF-855F-4974-8489-0AC50695EA62}.Debug|Any CPU.ActiveCfg = Debug|Any CPU
		{1B624DAF-855F-4974-8489-0AC50695EA62}.Debug|Any CPU.Build.0 = Debug|Any CPU
		{1B624DAF-855F-4974-8489-0AC50695EA62}.Release|Any CPU.ActiveCfg = Release|Any CPU
		{1B624DAF-855F-4974-8489-0AC50695EA62}.Release|Any CPU.Build.0 = Release|Any CPU
		{798B2F0C-41FB-4156-A5B2-426CB0A7FC3B}.Debug|Any CPU.ActiveCfg = Debug|Any CPU
		{798B2F0C-41FB-4156-A5B2-426CB0A7FC3B}.Debug|Any CPU.Build.0 = Debug|Any CPU
		{798B2F0C-41FB-4156-A5B2-426CB0A7FC3B}.Release|Any CPU.ActiveCfg = Release|Any CPU
		{798B2F0C-41FB-4156-A5B2-426CB0A7FC3B}.Release|Any CPU.Build.0 = Release|Any CPU
		{275FE980-D5FC-476A-BFDC-4955BEA87F01}.Debug|Any CPU.ActiveCfg = Debug|Any CPU
		{275FE980-D5FC-476A-BFDC-4955BEA87F01}.Debug|Any CPU.Build.0 = Debug|Any CPU
		{275FE980-D5FC-476A-BFDC-4955BEA87F01}.Release|Any CPU.ActiveCfg = Release|Any CPU
		{275FE980-D5FC-476A-BFDC-4955BEA87F01}.Release|Any CPU.Build.0 = Release|Any CPU
	EndGlobalSection
	GlobalSection(SolutionProperties) = preSolution
		HideSolutionNode = FALSE
	EndGlobalSection
	GlobalSection(ExtensibilityGlobals) = postSolution
		SolutionGuid = {43A3573C-2B90-4D10-92A9-0E8AFFE1FAA8}
	EndGlobalSection
EndGlobal
